
Microsoft Visual Studio Solution File, Format Version 12.00
# Visual Studio Version 17
VisualStudioVersion = 17.11.35303.130
MinimumVisualStudioVersion = 10.0.40219.1
Project("{FAE04EC0-301F-11D3-BF4B-00C04F79EFBC}") = "ConsoleTriangle", "ConsoleTriangle\ConsoleTriangle.csproj", "{EFD8B8B9-C0B4-4722-A12F-605B3C81373A}"
EndProject
Project("{FAE04EC0-301F-11D3-BF4B-00C04F79EFBC}") = "TestLibraryTriangle", "TestLibraryTriangle\TestLibraryTriangle.csproj", "{FCE7A23F-9F0C-4296-9386-98E935D764B6}"
EndProject
Global
	GlobalSection(SolutionConfigurationPlatforms) = preSolution
		Debug|Any CPU = Debug|Any CPU
		Release|Any CPU = Release|Any CPU
	EndGlobalSection
	GlobalSection(ProjectConfigurationPlatforms) = postSolution
		{EFD8B8B9-C0B4-4722-A12F-605B3C81373A}.Debug|Any CPU.ActiveCfg = Debug|Any CPU
		{EFD8B8B9-C0B4-4722-A12F-605B3C81373A}.Debug|Any CPU.Build.0 = Debug|Any CPU
		{EFD8B8B9-C0B4-4722-A12F-605B3C81373A}.Release|Any CPU.ActiveCfg = Release|Any CPU
		{EFD8B8B9-C0B4-4722-A12F-605B3C81373A}.Release|Any CPU.Build.0 = Release|Any CPU
		{FCE7A23F-9F0C-4296-9386-98E935D764B6}.Debug|Any CPU.ActiveCfg = Debug|Any CPU
		{FCE7A23F-9F0C-4296-9386-98E935D764B6}.Debug|Any CPU.Build.0 = Debug|Any CPU
		{FCE7A23F-9F0C-4296-9386-98E935D764B6}.Release|Any CPU.ActiveCfg = Release|Any CPU
		{FCE7A23F-9F0C-4296-9386-98E935D764B6}.Release|Any CPU.Build.0 = Release|Any CPU
	EndGlobalSection
	GlobalSection(SolutionProperties) = preSolution
		HideSolutionNode = FALSE
	EndGlobalSection
	GlobalSection(ExtensibilityGlobals) = postSolution
		SolutionGuid = {3E9B5461-439A-4F20-9BB9-64259B38DE35}
	EndGlobalSection
EndGlobal
